<Solution>
  <Project Path="EquipmentLoan.Application/EquipmentLoan.Application.csproj" Id="0830c596-1774-4307-8d72-34989de86122" />
  <Project Path="EquipmentLoan.Domain/EquipmentLoan.Domain.csproj" Id="e6b3aa08-8b5d-4fc8-93f2-7c3157a673fa" />
  <Project Path="EquipmentLoan.Infrastructure/EquipmentLoan.Infrastructure.csproj" Id="6891afb0-d5a4-4eed-a032-4dc27f8f0d1f" />
  <Project Path="src/Equipment Loan Management System (ELMS)/EquipmentLoan.API.csproj" />
</Solution>
